Microsoft Visual Studio Solution File, Format Version 11.00
# Visual Studio 2010
Project("{8BC9CEB8-8B4A-11D0-8D11-00A0C91BC942}") = "imgdecoder-wic", "D:/eIM.V4/ext/bkup/soui2/components/imgdecoder-wic\imgdecoder-wic.vcxproj", "{3D5AC4BC-DAE2-384C-B462-47B74996A393}"
EndProject
Project("{8BC9CEB8-8B4A-11D0-8D11-00A0C91BC942}") = "render-gdi", "D:/eIM.V4/ext/bkup/soui2/components/render-gdi\render-gdi.vcxproj", "{72E3068D-23F7-3564-AC43-884C110405CE}"
EndProject
Project("{8BC9CEB8-8B4A-11D0-8D11-00A0C91BC942}") = "render-skia", "D:/eIM.V4/ext/bkup/soui2/components/render-skia\render-skia.vcxproj", "{AA3EED47-43D2-3379-A716-F38C6327CDFF}"
EndProject
Project("{8BC9CEB8-8B4A-11D0-8D11-00A0C91BC942}") = "translator", "D:/eIM.V4/ext/bkup/soui2/components/translator\translator.vcxproj", "{3718E3E2-6F2D-3A52-8BC9-50A462701961}"
EndProject
Project("{8BC9CEB8-8B4A-11D0-8D11-00A0C91BC942}") = "resprovider-zip", "D:/eIM.V4/ext/bkup/soui2/components/resprovider-zip\resprovider-zip.vcxproj", "{E3318A18-B185-3DC2-8E5B-5715A71C659C}"
EndProject
Project("{8BC9CEB8-8B4A-11D0-8D11-00A0C91BC942}") = "imgdecoder-stb", "D:/eIM.V4/ext/bkup/soui2/components/imgdecoder-stb\imgdecoder-stb.vcxproj", "{F438EBE5-6DE5-3EAE-A43A-C728FFDBACFD}"
EndProject
Project("{8BC9CEB8-8B4A-11D0-8D11-00A0C91BC942}") = "imgdecoder-png", "D:/eIM.V4/ext/bkup/soui2/components/imgdecoder-png\imgdecoder-png.vcxproj", "{2EBCF46C-B82F-3D9A-887F-4F84DA4774A8}"
EndProject
Project("{8BC9CEB8-8B4A-11D0-8D11-00A0C91BC942}") = "imgdecoder-gdip", "D:/eIM.V4/ext/bkup/soui2/components/imgdecoder-gdip\imgdecoder-gdip.vcxproj", "{DB1BE826-6FA2-32BE-B594-DD9D395CFEB4}"
EndProject
Project("{8BC9CEB8-8B4A-11D0-8D11-00A0C91BC942}") = "scriptmodule-lua", "D:/eIM.V4/ext/bkup/soui2/components/ScriptModule-LUA\scriptmodule-lua.vcxproj", "{7EA47FB8-8A18-3A3E-8E89-1CC0CDA53936}"
EndProject
Project("{8BC9CEB8-8B4A-11D0-8D11-00A0C91BC942}") = "log4z", "D:/eIM.V4/ext/bkup/soui2/components/log4z\log4z.vcxproj", "{2FB983B4-6B4D-3B73-AC68-073DA38E247C}"
EndProject
Project("{8BC9CEB8-8B4A-11D0-8D11-00A0C91BC942}") = "resprovider-7zip", "D:/eIM.V4/ext/bkup/soui2/components/resprovider-7zip\resprovider-7zip.vcxproj", "{9CE67009-8CBB-39DD-8862-381F95E6B918}"
EndProject
Global
	GlobalSection(SolutionConfigurationPlatforms) = preSolution
		Debug|Win32 = Debug|Win32
		Release|Win32 = Release|Win32
	EndGlobalSection
	GlobalSection(ProjectConfigurationPlatforms) = postSolution
		{3D5AC4BC-DAE2-384C-B462-47B74996A393}.Debug|Win32.ActiveCfg = Debug|Win32
		{3D5AC4BC-DAE2-384C-B462-47B74996A393}.Debug|Win32.Build.0 = Debug|Win32
		{3D5AC4BC-DAE2-384C-B462-47B74996A393}.Release|Win32.ActiveCfg = Release|Win32
		{3D5AC4BC-DAE2-384C-B462-47B74996A393}.Release|Win32.Build.0 = Release|Win32
		{72E3068D-23F7-3564-AC43-884C110405CE}.Debug|Win32.ActiveCfg = Debug|Win32
		{72E3068D-23F7-3564-AC43-884C110405CE}.Debug|Win32.Build.0 = Debug|Win32
		{72E3068D-23F7-3564-AC43-884C110405CE}.Release|Win32.ActiveCfg = Release|Win32
		{72E3068D-23F7-3564-AC43-884C110405CE}.Release|Win32.Build.0 = Release|Win32
		{AA3EED47-43D2-3379-A716-F38C6327CDFF}.Debug|Win32.ActiveCfg = Debug|Win32
		{AA3EED47-43D2-3379-A716-F38C6327CDFF}.Debug|Win32.Build.0 = Debug|Win32
		{AA3EED47-43D2-3379-A716-F38C6327CDFF}.Release|Win32.ActiveCfg = Release|Win32
		{AA3EED47-43D2-3379-A716-F38C6327CDFF}.Release|Win32.Build.0 = Release|Win32
		{3718E3E2-6F2D-3A52-8BC9-50A462701961}.Debug|Win32.ActiveCfg = Debug|Win32
		{3718E3E2-6F2D-3A52-8BC9-50A462701961}.Debug|Win32.Build.0 = Debug|Win32
		{3718E3E2-6F2D-3A52-8BC9-50A462701961}.Release|Win32.ActiveCfg = Release|Win32
		{3718E3E2-6F2D-3A52-8BC9-50A462701961}.Release|Win32.Build.0 = Release|Win32
		{E3318A18-B185-3DC2-8E5B-5715A71C659C}.Debug|Win32.ActiveCfg = Debug|Win32
		{E3318A18-B185-3DC2-8E5B-5715A71C659C}.Debug|Win32.Build.0 = Debug|Win32
		{E3318A18-B185-3DC2-8E5B-5715A71C659C}.Release|Win32.ActiveCfg = Release|Win32
		{E3318A18-B185-3DC2-8E5B-5715A71C659C}.Release|Win32.Build.0 = Release|Win32
		{F438EBE5-6DE5-3EAE-A43A-C728FFDBACFD}.Debug|Win32.ActiveCfg = Debug|Win32
		{F438EBE5-6DE5-3EAE-A43A-C728FFDBACFD}.Debug|Win32.Build.0 = Debug|Win32
		{F438EBE5-6DE5-3EAE-A43A-C728FFDBACFD}.Release|Win32.ActiveCfg = Release|Win32
		{F438EBE5-6DE5-3EAE-A43A-C728FFDBACFD}.Release|Win32.Build.0 = Release|Win32
		{2EBCF46C-B82F-3D9A-887F-4F84DA4774A8}.Debug|Win32.ActiveCfg = Debug|Win32
		{2EBCF46C-B82F-3D9A-887F-4F84DA4774A8}.Debug|Win32.Build.0 = Debug|Win32
		{2EBCF46C-B82F-3D9A-887F-4F84DA4774A8}.Release|Win32.ActiveCfg = Release|Win32
		{2EBCF46C-B82F-3D9A-887F-4F84DA4774A8}.Release|Win32.Build.0 = Release|Win32
		{DB1BE826-6FA2-32BE-B594-DD9D395CFEB4}.Debug|Win32.ActiveCfg = Debug|Win32
		{DB1BE826-6FA2-32BE-B594-DD9D395CFEB4}.Debug|Win32.Build.0 = Debug|Win32
		{DB1BE826-6FA2-32BE-B594-DD9D395CFEB4}.Release|Win32.ActiveCfg = Release|Win32
		{DB1BE826-6FA2-32BE-B594-DD9D395CFEB4}.Release|Win32.Build.0 = Release|Win32
		{7EA47FB8-8A18-3A3E-8E89-1CC0CDA53936}.Debug|Win32.ActiveCfg = Debug|Win32
		{7EA47FB8-8A18-3A3E-8E89-1CC0CDA53936}.Debug|Win32.Build.0 = Debug|Win32
		{7EA47FB8-8A18-3A3E-8E89-1CC0CDA53936}.Release|Win32.ActiveCfg = Release|Win32
		{7EA47FB8-8A18-3A3E-8E89-1CC0CDA53936}.Release|Win32.Build.0 = Release|Win32
		{2FB983B4-6B4D-3B73-AC68-073DA38E247C}.Debug|Win32.ActiveCfg = Debug|Win32
		{2FB983B4-6B4D-3B73-AC68-073DA38E247C}.Debug|Win32.Build.0 = Debug|Win32
		{2FB983B4-6B4D-3B73-AC68-073DA38E247C}.Release|Win32.ActiveCfg = Release|Win32
		{2FB983B4-6B4D-3B73-AC68-073DA38E247C}.Release|Win32.Build.0 = Release|Win32
		{9CE67009-8CBB-39DD-8862-381F95E6B918}.Debug|Win32.ActiveCfg = Debug|Win32
		{9CE67009-8CBB-39DD-8862-381F95E6B918}.Debug|Win32.Build.0 = Debug|Win32
		{9CE67009-8CBB-39DD-8862-381F95E6B918}.Release|Win32.ActiveCfg = Release|Win32
		{9CE67009-8CBB-39DD-8862-381F95E6B918}.Release|Win32.Build.0 = Release|Win32
	EndGlobalSection
	GlobalSection(ExtensibilityGlobals) = postSolution
	EndGlobalSection
	GlobalSection(ExtensibilityAddIns) = postSolution
	EndGlobalSection
EndGlobal