Microsoft Visual Studio Solution File, Format Version 11.00
# Visual Studio 2010
Project("{8BC9CEB8-8B4A-11D0-8D11-00A0C91BC942}") = "gtest", "D:/eIM.V4/ext/bkup/soui2/third-part/gtest\gtest.vcxproj", "{07B5325A-0147-3F6C-A655-07D2BEE86A28}"
EndProject
Project("{8BC9CEB8-8B4A-11D0-8D11-00A0C91BC942}") = "png", "D:/eIM.V4/ext/bkup/soui2/third-part/png\png.vcxproj", "{37250979-C8F8-304F-9D45-576CCA9CD930}"
EndProject
Project("{8BC9CEB8-8B4A-11D0-8D11-00A0C91BC942}") = "skia", "D:/eIM.V4/ext/bkup/soui2/third-part/skia\skia.vcxproj", "{E47D1DF0-152F-3204-850D-DFEA12ED0C71}"
EndProject
Project("{8BC9CEB8-8B4A-11D0-8D11-00A0C91BC942}") = "zlib", "D:/eIM.V4/ext/bkup/soui2/third-part/zlib\zlib.vcxproj", "{A0011F5C-E001-3EBA-A5B3-EA250D1598D9}"
EndProject
Project("{8BC9CEB8-8B4A-11D0-8D11-00A0C91BC942}") = "lua-52", "D:/eIM.V4/ext/bkup/soui2/third-part/lua-52\lua-52.vcxproj", "{A8549408-4918-3E0D-9414-301542468317}"
EndProject
Project("{8BC9CEB8-8B4A-11D0-8D11-00A0C91BC942}") = "smiley", "D:/eIM.V4/ext/bkup/soui2/third-part/smiley\smiley.vcxproj", "{40DD5845-54E5-3A24-86C5-D4CB14A72C98}"
EndProject
Project("{8BC9CEB8-8B4A-11D0-8D11-00A0C91BC942}") = "mhook", "D:/eIM.V4/ext/bkup/soui2/third-part/mhook\mhook.vcxproj", "{B7507429-39AA-370A-88C1-A943E8EC3A92}"
EndProject
Project("{8BC9CEB8-8B4A-11D0-8D11-00A0C91BC942}") = "7z", "D:/eIM.V4/ext/bkup/soui2/third-part/7z\7z.vcxproj", "{0BAF2644-CE1F-38C3-8202-5EC4D099D641}"
EndProject
Global
	GlobalSection(SolutionConfigurationPlatforms) = preSolution
		Debug|Win32 = Debug|Win32
		Release|Win32 = Release|Win32
	EndGlobalSection
	GlobalSection(ProjectConfigurationPlatforms) = postSolution
		{07B5325A-0147-3F6C-A655-07D2BEE86A28}.Debug|Win32.ActiveCfg = Debug|Win32
		{07B5325A-0147-3F6C-A655-07D2BEE86A28}.Debug|Win32.Build.0 = Debug|Win32
		{07B5325A-0147-3F6C-A655-07D2BEE86A28}.Release|Win32.ActiveCfg = Release|Win32
		{07B5325A-0147-3F6C-A655-07D2BEE86A28}.Release|Win32.Build.0 = Release|Win32
		{37250979-C8F8-304F-9D45-576CCA9CD930}.Debug|Win32.ActiveCfg = Debug|Win32
		{37250979-C8F8-304F-9D45-576CCA9CD930}.Debug|Win32.Build.0 = Debug|Win32
		{37250979-C8F8-304F-9D45-576CCA9CD930}.Release|Win32.ActiveCfg = Release|Win32
		{37250979-C8F8-304F-9D45-576CCA9CD930}.Release|Win32.Build.0 = Release|Win32
		{E47D1DF0-152F-3204-850D-DFEA12ED0C71}.Debug|Win32.ActiveCfg = Debug|Win32
		{E47D1DF0-152F-3204-850D-DFEA12ED0C71}.Debug|Win32.Build.0 = Debug|Win32
		{E47D1DF0-152F-3204-850D-DFEA12ED0C71}.Release|Win32.ActiveCfg = Release|Win32
		{E47D1DF0-152F-3204-850D-DFEA12ED0C71}.Release|Win32.Build.0 = Release|Win32
		{A0011F5C-E001-3EBA-A5B3-EA250D1598D9}.Debug|Win32.ActiveCfg = Debug|Win32
		{A0011F5C-E001-3EBA-A5B3-EA250D1598D9}.Debug|Win32.Build.0 = Debug|Win32
		{A0011F5C-E001-3EBA-A5B3-EA250D1598D9}.Release|Win32.ActiveCfg = Release|Win32
		{A0011F5C-E001-3EBA-A5B3-EA250D1598D9}.Release|Win32.Build.0 = Release|Win32
		{A8549408-4918-3E0D-9414-301542468317}.Debug|Win32.ActiveCfg = Debug|Win32
		{A8549408-4918-3E0D-9414-301542468317}.Debug|Win32.Build.0 = Debug|Win32
		{A8549408-4918-3E0D-9414-301542468317}.Release|Win32.ActiveCfg = Release|Win32
		{A8549408-4918-3E0D-9414-301542468317}.Release|Win32.Build.0 = Release|Win32
		{40DD5845-54E5-3A24-86C5-D4CB14A72C98}.Debug|Win32.ActiveCfg = Debug|Win32
		{40DD5845-54E5-3A24-86C5-D4CB14A72C98}.Debug|Win32.Build.0 = Debug|Win32
		{40DD5845-54E5-3A24-86C5-D4CB14A72C98}.Release|Win32.ActiveCfg = Release|Win32
		{40DD5845-54E5-3A24-86C5-D4CB14A72C98}.Release|Win32.Build.0 = Release|Win32
		{B7507429-39AA-370A-88C1-A943E8EC3A92}.Debug|Win32.ActiveCfg = Debug|Win32
		{B7507429-39AA-370A-88C1-A943E8EC3A92}.Debug|Win32.Build.0 = Debug|Win32
		{B7507429-39AA-370A-88C1-A943E8EC3A92}.Release|Win32.ActiveCfg = Release|Win32
		{B7507429-39AA-370A-88C1-A943E8EC3A92}.Release|Win32.Build.0 = Release|Win32
		{0BAF2644-CE1F-38C3-8202-5EC4D099D641}.Debug|Win32.ActiveCfg = Debug|Win32
		{0BAF2644-CE1F-38C3-8202-5EC4D099D641}.Debug|Win32.Build.0 = Debug|Win32
		{0BAF2644-CE1F-38C3-8202-5EC4D099D641}.Release|Win32.ActiveCfg = Release|Win32
		{0BAF2644-CE1F-38C3-8202-5EC4D099D641}.Release|Win32.Build.0 = Release|Win32
	EndGlobalSection
	GlobalSection(ExtensibilityGlobals) = postSolution
	EndGlobalSection
	GlobalSection(ExtensibilityAddIns) = postSolution
	EndGlobalSection
EndGlobal