Microsoft Visual Studio Solution File, Format Version 11.00
# Visual Studio 2010
Project("{8BC9CEB8-8B4A-11D0-8D11-00A0C91BC942}") = "gtest", "third-part\gtest\gtest.vcxproj", "{07B5325A-0147-3F6C-A655-07D2BEE86A28}"
EndProject
Project("{8BC9CEB8-8B4A-11D0-8D11-00A0C91BC942}") = "png", "third-part\png\png.vcxproj", "{37250979-C8F8-304F-9D45-576CCA9CD930}"
EndProject
Project("{8BC9CEB8-8B4A-11D0-8D11-00A0C91BC942}") = "skia", "third-part\skia\skia.vcxproj", "{E47D1DF0-152F-3204-850D-DFEA12ED0C71}"
EndProject
Project("{8BC9CEB8-8B4A-11D0-8D11-00A0C91BC942}") = "zlib", "third-part\zlib\zlib.vcxproj", "{A0011F5C-E001-3EBA-A5B3-EA250D1598D9}"
EndProject
Project("{8BC9CEB8-8B4A-11D0-8D11-00A0C91BC942}") = "lua-52", "third-part\lua-52\lua-52.vcxproj", "{A8549408-4918-3E0D-9414-301542468317}"
EndProject
Project("{8BC9CEB8-8B4A-11D0-8D11-00A0C91BC942}") = "smiley", "third-part\smiley\smiley.vcxproj", "{40DD5845-54E5-3A24-86C5-D4CB14A72C98}"
EndProject
Project("{8BC9CEB8-8B4A-11D0-8D11-00A0C91BC942}") = "mhook", "third-part\mhook\mhook.vcxproj", "{B7507429-39AA-370A-88C1-A943E8EC3A92}"
EndProject
Project("{8BC9CEB8-8B4A-11D0-8D11-00A0C91BC942}") = "7z", "third-part\7z\7z.vcxproj", "{0BAF2644-CE1F-38C3-8202-5EC4D099D641}"
EndProject
Project("{8BC9CEB8-8B4A-11D0-8D11-00A0C91BC942}") = "utilities", "utilities\utilities.vcxproj", "{04762322-9DE1-3E96-8F22-CF50FE0EA334}"
EndProject
Project("{8BC9CEB8-8B4A-11D0-8D11-00A0C91BC942}") = "soui-sys-resource", "soui-sys-resource\soui-sys-resource.vcxproj", "{464400AE-3264-33DE-97D8-B875A7340485}"
EndProject
Project("{8BC9CEB8-8B4A-11D0-8D11-00A0C91BC942}") = "soui", "soui\soui.vcxproj", "{7F52EC7A-F826-3F3B-B732-37C03FAF5932}"
	ProjectSection(ProjectDependencies) = postProject
		{04762322-9DE1-3E96-8F22-CF50FE0EA334} = {04762322-9DE1-3E96-8F22-CF50FE0EA334}
		{464400AE-3264-33DE-97D8-B875A7340485} = {464400AE-3264-33DE-97D8-B875A7340485}
		{04762322-9DE1-3E96-8F22-CF50FE0EA334} = {04762322-9DE1-3E96-8F22-CF50FE0EA334}
	EndProjectSection
EndProject
Project("{8BC9CEB8-8B4A-11D0-8D11-00A0C91BC942}") = "imgdecoder-wic", "components\imgdecoder-wic\imgdecoder-wic.vcxproj", "{FBF0994E-3FF1-3F92-88C6-8C166E3EA081}"
EndProject
Project("{8BC9CEB8-8B4A-11D0-8D11-00A0C91BC942}") = "render-gdi", "components\render-gdi\render-gdi.vcxproj", "{8EFAE33F-3725-3C88-9D10-482D56AF2175}"
	ProjectSection(ProjectDependencies) = postProject
		{04762322-9DE1-3E96-8F22-CF50FE0EA334} = {04762322-9DE1-3E96-8F22-CF50FE0EA334}
	EndProjectSection
EndProject
Project("{8BC9CEB8-8B4A-11D0-8D11-00A0C91BC942}") = "render-skia", "components\render-skia\render-skia.vcxproj", "{B409FA7A-4711-32B7-96DD-9B33F586AE9E}"
	ProjectSection(ProjectDependencies) = postProject
		{E47D1DF0-152F-3204-850D-DFEA12ED0C71} = {E47D1DF0-152F-3204-850D-DFEA12ED0C71}
		{04762322-9DE1-3E96-8F22-CF50FE0EA334} = {04762322-9DE1-3E96-8F22-CF50FE0EA334}
		{E47D1DF0-152F-3204-850D-DFEA12ED0C71} = {E47D1DF0-152F-3204-850D-DFEA12ED0C71}
	EndProjectSection
EndProject
Project("{8BC9CEB8-8B4A-11D0-8D11-00A0C91BC942}") = "translator", "components\translator\translator.vcxproj", "{968F2AF4-37CA-391A-AB1D-390BF56427B7}"
	ProjectSection(ProjectDependencies) = postProject
		{04762322-9DE1-3E96-8F22-CF50FE0EA334} = {04762322-9DE1-3E96-8F22-CF50FE0EA334}
		{04762322-9DE1-3E96-8F22-CF50FE0EA334} = {04762322-9DE1-3E96-8F22-CF50FE0EA334}
	EndProjectSection
EndProject
Project("{8BC9CEB8-8B4A-11D0-8D11-00A0C91BC942}") = "resprovider-zip", "components\resprovider-zip\resprovider-zip.vcxproj", "{B8927F95-F045-304D-909C-47899DFDE0F0}"
	ProjectSection(ProjectDependencies) = postProject
		{A0011F5C-E001-3EBA-A5B3-EA250D1598D9} = {A0011F5C-E001-3EBA-A5B3-EA250D1598D9}
		{04762322-9DE1-3E96-8F22-CF50FE0EA334} = {04762322-9DE1-3E96-8F22-CF50FE0EA334}
		{A0011F5C-E001-3EBA-A5B3-EA250D1598D9} = {A0011F5C-E001-3EBA-A5B3-EA250D1598D9}
		{04762322-9DE1-3E96-8F22-CF50FE0EA334} = {04762322-9DE1-3E96-8F22-CF50FE0EA334}
		{A0011F5C-E001-3EBA-A5B3-EA250D1598D9} = {A0011F5C-E001-3EBA-A5B3-EA250D1598D9}
		{04762322-9DE1-3E96-8F22-CF50FE0EA334} = {04762322-9DE1-3E96-8F22-CF50FE0EA334}
	EndProjectSection
EndProject
Project("{8BC9CEB8-8B4A-11D0-8D11-00A0C91BC942}") = "imgdecoder-stb", "components\imgdecoder-stb\imgdecoder-stb.vcxproj", "{4767D832-F3AE-36B7-AA15-FEB8FBE447A1}"
EndProject
Project("{8BC9CEB8-8B4A-11D0-8D11-00A0C91BC942}") = "imgdecoder-png", "components\imgdecoder-png\imgdecoder-png.vcxproj", "{8389997A-1125-3854-A1FD-F8F0F93373B4}"
	ProjectSection(ProjectDependencies) = postProject
		{A0011F5C-E001-3EBA-A5B3-EA250D1598D9} = {A0011F5C-E001-3EBA-A5B3-EA250D1598D9}
		{37250979-C8F8-304F-9D45-576CCA9CD930} = {37250979-C8F8-304F-9D45-576CCA9CD930}
		{A0011F5C-E001-3EBA-A5B3-EA250D1598D9} = {A0011F5C-E001-3EBA-A5B3-EA250D1598D9}
		{37250979-C8F8-304F-9D45-576CCA9CD930} = {37250979-C8F8-304F-9D45-576CCA9CD930}
	EndProjectSection
EndProject
Project("{8BC9CEB8-8B4A-11D0-8D11-00A0C91BC942}") = "imgdecoder-gdip", "components\imgdecoder-gdip\imgdecoder-gdip.vcxproj", "{E984B17F-1EEE-3CE0-B64C-D36ED5771C48}"
EndProject
Project("{8BC9CEB8-8B4A-11D0-8D11-00A0C91BC942}") = "scriptmodule-lua", "components\ScriptModule-LUA\scriptmodule-lua.vcxproj", "{5F44FD36-436F-31DF-991B-B9E3D5D5A39F}"
	ProjectSection(ProjectDependencies) = postProject
		{7F52EC7A-F826-3F3B-B732-37C03FAF5932} = {7F52EC7A-F826-3F3B-B732-37C03FAF5932}
		{A8549408-4918-3E0D-9414-301542468317} = {A8549408-4918-3E0D-9414-301542468317}
		{A8549408-4918-3E0D-9414-301542468317} = {A8549408-4918-3E0D-9414-301542468317}
		{7F52EC7A-F826-3F3B-B732-37C03FAF5932} = {7F52EC7A-F826-3F3B-B732-37C03FAF5932}
		{04762322-9DE1-3E96-8F22-CF50FE0EA334} = {04762322-9DE1-3E96-8F22-CF50FE0EA334}
	EndProjectSection
EndProject
Project("{8BC9CEB8-8B4A-11D0-8D11-00A0C91BC942}") = "log4z", "components\log4z\log4z.vcxproj", "{E2B27FEC-D8A5-3CAE-9809-81622FB2EDE4}"
EndProject
Project("{8BC9CEB8-8B4A-11D0-8D11-00A0C91BC942}") = "resprovider-7zip", "components\resprovider-7zip\resprovider-7zip.vcxproj", "{F31B9D6E-BAF8-3993-851E-160F165950FC}"
	ProjectSection(ProjectDependencies) = postProject
		{0BAF2644-CE1F-38C3-8202-5EC4D099D641} = {0BAF2644-CE1F-38C3-8202-5EC4D099D641}
		{04762322-9DE1-3E96-8F22-CF50FE0EA334} = {04762322-9DE1-3E96-8F22-CF50FE0EA334}
	EndProjectSection
EndProject
Project("{8BC9CEB8-8B4A-11D0-8D11-00A0C91BC942}") = "UiEditor", "demos\UiEditor\UiEditor.vcxproj", "{BF57E200-610A-3269-92EB-6802C7784160}"
	ProjectSection(ProjectDependencies) = postProject
		{7F52EC7A-F826-3F3B-B732-37C03FAF5932} = {7F52EC7A-F826-3F3B-B732-37C03FAF5932}
		{E47D1DF0-152F-3204-850D-DFEA12ED0C71} = {E47D1DF0-152F-3204-850D-DFEA12ED0C71}
		{04762322-9DE1-3E96-8F22-CF50FE0EA334} = {04762322-9DE1-3E96-8F22-CF50FE0EA334}
		{7F52EC7A-F826-3F3B-B732-37C03FAF5932} = {7F52EC7A-F826-3F3B-B732-37C03FAF5932}
	EndProjectSection
EndProject
Project("{8BC9CEB8-8B4A-11D0-8D11-00A0C91BC942}") = "demo", "demos\demo\demo.vcxproj", "{F1DE1AA4-8ABE-36AE-AC57-7D6DFAA421FE}"
	ProjectSection(ProjectDependencies) = postProject
		{7F52EC7A-F826-3F3B-B732-37C03FAF5932} = {7F52EC7A-F826-3F3B-B732-37C03FAF5932}
		{B7507429-39AA-370A-88C1-A943E8EC3A92} = {B7507429-39AA-370A-88C1-A943E8EC3A92}
		{40DD5845-54E5-3A24-86C5-D4CB14A72C98} = {40DD5845-54E5-3A24-86C5-D4CB14A72C98}
		{E47D1DF0-152F-3204-850D-DFEA12ED0C71} = {E47D1DF0-152F-3204-850D-DFEA12ED0C71}
		{04762322-9DE1-3E96-8F22-CF50FE0EA334} = {04762322-9DE1-3E96-8F22-CF50FE0EA334}
		{7F52EC7A-F826-3F3B-B732-37C03FAF5932} = {7F52EC7A-F826-3F3B-B732-37C03FAF5932}
		{B7507429-39AA-370A-88C1-A943E8EC3A92} = {B7507429-39AA-370A-88C1-A943E8EC3A92}
		{40DD5845-54E5-3A24-86C5-D4CB14A72C98} = {40DD5845-54E5-3A24-86C5-D4CB14A72C98}
	EndProjectSection
EndProject
Project("{8BC9CEB8-8B4A-11D0-8D11-00A0C91BC942}") = "qqlogin", "demos\QQLogin\qqlogin.vcxproj", "{1AEE0298-B498-3705-9CA4-A882C4E602B7}"
	ProjectSection(ProjectDependencies) = postProject
		{7F52EC7A-F826-3F3B-B732-37C03FAF5932} = {7F52EC7A-F826-3F3B-B732-37C03FAF5932}
		{E47D1DF0-152F-3204-850D-DFEA12ED0C71} = {E47D1DF0-152F-3204-850D-DFEA12ED0C71}
		{04762322-9DE1-3E96-8F22-CF50FE0EA334} = {04762322-9DE1-3E96-8F22-CF50FE0EA334}
		{7F52EC7A-F826-3F3B-B732-37C03FAF5932} = {7F52EC7A-F826-3F3B-B732-37C03FAF5932}
	EndProjectSection
EndProject
Project("{8BC9CEB8-8B4A-11D0-8D11-00A0C91BC942}") = "360", "demos\360\360.vcxproj", "{558C3A7B-53A0-3305-806D-6B4D9CAD96F8}"
	ProjectSection(ProjectDependencies) = postProject
		{7F52EC7A-F826-3F3B-B732-37C03FAF5932} = {7F52EC7A-F826-3F3B-B732-37C03FAF5932}
		{E47D1DF0-152F-3204-850D-DFEA12ED0C71} = {E47D1DF0-152F-3204-850D-DFEA12ED0C71}
		{04762322-9DE1-3E96-8F22-CF50FE0EA334} = {04762322-9DE1-3E96-8F22-CF50FE0EA334}
		{7F52EC7A-F826-3F3B-B732-37C03FAF5932} = {7F52EC7A-F826-3F3B-B732-37C03FAF5932}
	EndProjectSection
EndProject
Project("{8BC9CEB8-8B4A-11D0-8D11-00A0C91BC942}") = "360Preview", "demos\360Preview\360Preview.vcxproj", "{3EC49871-03C0-3F65-906C-BD8E99EA8154}"
	ProjectSection(ProjectDependencies) = postProject
		{7F52EC7A-F826-3F3B-B732-37C03FAF5932} = {7F52EC7A-F826-3F3B-B732-37C03FAF5932}
		{E47D1DF0-152F-3204-850D-DFEA12ED0C71} = {E47D1DF0-152F-3204-850D-DFEA12ED0C71}
		{04762322-9DE1-3E96-8F22-CF50FE0EA334} = {04762322-9DE1-3E96-8F22-CF50FE0EA334}
		{7F52EC7A-F826-3F3B-B732-37C03FAF5932} = {7F52EC7A-F826-3F3B-B732-37C03FAF5932}
	EndProjectSection
EndProject
Project("{8BC9CEB8-8B4A-11D0-8D11-00A0C91BC942}") = "souispy", "demos\souispy\souispy.vcxproj", "{33CC42EF-556C-3A0D-BBA2-48F9CECBC828}"
	ProjectSection(ProjectDependencies) = postProject
		{7F52EC7A-F826-3F3B-B732-37C03FAF5932} = {7F52EC7A-F826-3F3B-B732-37C03FAF5932}
		{E47D1DF0-152F-3204-850D-DFEA12ED0C71} = {E47D1DF0-152F-3204-850D-DFEA12ED0C71}
		{04762322-9DE1-3E96-8F22-CF50FE0EA334} = {04762322-9DE1-3E96-8F22-CF50FE0EA334}
		{7F52EC7A-F826-3F3B-B732-37C03FAF5932} = {7F52EC7A-F826-3F3B-B732-37C03FAF5932}
	EndProjectSection
EndProject
Project("{8BC9CEB8-8B4A-11D0-8D11-00A0C91BC942}") = "PCManager", "demos\PcManager\PCManager.vcxproj", "{541D3892-1BED-35D0-AC38-9D7108E46FF6}"
	ProjectSection(ProjectDependencies) = postProject
		{7F52EC7A-F826-3F3B-B732-37C03FAF5932} = {7F52EC7A-F826-3F3B-B732-37C03FAF5932}
		{E47D1DF0-152F-3204-850D-DFEA12ED0C71} = {E47D1DF0-152F-3204-850D-DFEA12ED0C71}
		{04762322-9DE1-3E96-8F22-CF50FE0EA334} = {04762322-9DE1-3E96-8F22-CF50FE0EA334}
		{7F52EC7A-F826-3F3B-B732-37C03FAF5932} = {7F52EC7A-F826-3F3B-B732-37C03FAF5932}
	EndProjectSection
EndProject
Project("{8BC9CEB8-8B4A-11D0-8D11-00A0C91BC942}") = "SoTool", "demos\SoTool\SoTool.vcxproj", "{34E70128-F2E3-3387-867D-363671573315}"
	ProjectSection(ProjectDependencies) = postProject
		{7F52EC7A-F826-3F3B-B732-37C03FAF5932} = {7F52EC7A-F826-3F3B-B732-37C03FAF5932}
		{E47D1DF0-152F-3204-850D-DFEA12ED0C71} = {E47D1DF0-152F-3204-850D-DFEA12ED0C71}
		{04762322-9DE1-3E96-8F22-CF50FE0EA334} = {04762322-9DE1-3E96-8F22-CF50FE0EA334}
		{7F52EC7A-F826-3F3B-B732-37C03FAF5932} = {7F52EC7A-F826-3F3B-B732-37C03FAF5932}
	EndProjectSection
EndProject
Project("{8BC9CEB8-8B4A-11D0-8D11-00A0C91BC942}") = "mclistview_demo", "demos\mclistview_demo\mclistview_demo.vcxproj", "{176AB931-648A-366D-9377-6F300C270657}"
	ProjectSection(ProjectDependencies) = postProject
		{7F52EC7A-F826-3F3B-B732-37C03FAF5932} = {7F52EC7A-F826-3F3B-B732-37C03FAF5932}
		{E47D1DF0-152F-3204-850D-DFEA12ED0C71} = {E47D1DF0-152F-3204-850D-DFEA12ED0C71}
		{04762322-9DE1-3E96-8F22-CF50FE0EA334} = {04762322-9DE1-3E96-8F22-CF50FE0EA334}
		{7F52EC7A-F826-3F3B-B732-37C03FAF5932} = {7F52EC7A-F826-3F3B-B732-37C03FAF5932}
	EndProjectSection
EndProject
Project("{8BC9CEB8-8B4A-11D0-8D11-00A0C91BC942}") = "souitest", "demos\souitest\souitest.vcxproj", "{F1B8C385-1E56-3858-AB73-176A73FD73A3}"
	ProjectSection(ProjectDependencies) = postProject
		{04762322-9DE1-3E96-8F22-CF50FE0EA334} = {04762322-9DE1-3E96-8F22-CF50FE0EA334}
		{7F52EC7A-F826-3F3B-B732-37C03FAF5932} = {7F52EC7A-F826-3F3B-B732-37C03FAF5932}
		{07B5325A-0147-3F6C-A655-07D2BEE86A28} = {07B5325A-0147-3F6C-A655-07D2BEE86A28}
	EndProjectSection
EndProject
Project("{8BC9CEB8-8B4A-11D0-8D11-00A0C91BC942}") = "VUI", "demos\VUI\VUI.vcxproj", "{2B99F975-57D0-3D15-A16E-CC3FFD37B12F}"
	ProjectSection(ProjectDependencies) = postProject
		{7F52EC7A-F826-3F3B-B732-37C03FAF5932} = {7F52EC7A-F826-3F3B-B732-37C03FAF5932}
		{E47D1DF0-152F-3204-850D-DFEA12ED0C71} = {E47D1DF0-152F-3204-850D-DFEA12ED0C71}
		{04762322-9DE1-3E96-8F22-CF50FE0EA334} = {04762322-9DE1-3E96-8F22-CF50FE0EA334}
		{7F52EC7A-F826-3F3B-B732-37C03FAF5932} = {7F52EC7A-F826-3F3B-B732-37C03FAF5932}
	EndProjectSection
EndProject
Project("{8BC9CEB8-8B4A-11D0-8D11-00A0C91BC942}") = "BesLyric", "demos\BesLyric\BesLyric.vcxproj", "{09CCD775-116E-3BC9-817A-09A2418133C3}"
	ProjectSection(ProjectDependencies) = postProject
		{7F52EC7A-F826-3F3B-B732-37C03FAF5932} = {7F52EC7A-F826-3F3B-B732-37C03FAF5932}
		{E47D1DF0-152F-3204-850D-DFEA12ED0C71} = {E47D1DF0-152F-3204-850D-DFEA12ED0C71}
		{04762322-9DE1-3E96-8F22-CF50FE0EA334} = {04762322-9DE1-3E96-8F22-CF50FE0EA334}
		{7F52EC7A-F826-3F3B-B732-37C03FAF5932} = {7F52EC7A-F826-3F3B-B732-37C03FAF5932}
	EndProjectSection
EndProject
Project("{8BC9CEB8-8B4A-11D0-8D11-00A0C91BC942}") = "QQMain", "demos\QQMain\QQMain.vcxproj", "{A643ADD6-1DC8-3CE9-A83A-2EC9AE9471C3}"
	ProjectSection(ProjectDependencies) = postProject
		{7F52EC7A-F826-3F3B-B732-37C03FAF5932} = {7F52EC7A-F826-3F3B-B732-37C03FAF5932}
		{E47D1DF0-152F-3204-850D-DFEA12ED0C71} = {E47D1DF0-152F-3204-850D-DFEA12ED0C71}
		{04762322-9DE1-3E96-8F22-CF50FE0EA334} = {04762322-9DE1-3E96-8F22-CF50FE0EA334}
		{7F52EC7A-F826-3F3B-B732-37C03FAF5932} = {7F52EC7A-F826-3F3B-B732-37C03FAF5932}
	EndProjectSection
EndProject
Project("{8BC9CEB8-8B4A-11D0-8D11-00A0C91BC942}") = "FrogPlay", "demos\FrogPlay\FrogPlay.vcxproj", "{DD7E5F54-83FC-34EB-B213-F6A869DEDF79}"
	ProjectSection(ProjectDependencies) = postProject
		{04762322-9DE1-3E96-8F22-CF50FE0EA334} = {04762322-9DE1-3E96-8F22-CF50FE0EA334}
		{7F52EC7A-F826-3F3B-B732-37C03FAF5932} = {7F52EC7A-F826-3F3B-B732-37C03FAF5932}
	EndProjectSection
EndProject
Project("{8BC9CEB8-8B4A-11D0-8D11-00A0C91BC942}") = "MultiLangs", "demos\MultiLangs\MultiLangs.vcxproj", "{0A3E1903-21CC-3D39-A9E5-6907E009AA0B}"
	ProjectSection(ProjectDependencies) = postProject
		{7F52EC7A-F826-3F3B-B732-37C03FAF5932} = {7F52EC7A-F826-3F3B-B732-37C03FAF5932}
		{04762322-9DE1-3E96-8F22-CF50FE0EA334} = {04762322-9DE1-3E96-8F22-CF50FE0EA334}
		{7F52EC7A-F826-3F3B-B732-37C03FAF5932} = {7F52EC7A-F826-3F3B-B732-37C03FAF5932}
	EndProjectSection
EndProject
Project("{8BC9CEB8-8B4A-11D0-8D11-00A0C91BC942}") = "TXMgr", "demos\TXMgr\TXMgr.vcxproj", "{AAF22E14-8129-3664-AA53-B02E6991274A}"
	ProjectSection(ProjectDependencies) = postProject
		{7F52EC7A-F826-3F3B-B732-37C03FAF5932} = {7F52EC7A-F826-3F3B-B732-37C03FAF5932}
		{04762322-9DE1-3E96-8F22-CF50FE0EA334} = {04762322-9DE1-3E96-8F22-CF50FE0EA334}
		{7F52EC7A-F826-3F3B-B732-37C03FAF5932} = {7F52EC7A-F826-3F3B-B732-37C03FAF5932}
	EndProjectSection
EndProject
Project("{2150E333-8FDC-42A3-9474-1A3956D46DE8}") = "Example", "Example", "{01642A60-5CDB-458B-9802-EAC4B457C0FD}"
EndProject
Project("{2150E333-8FDC-42A3-9474-1A3956D46DE8}") = "Tools", "Tools", "{2F60B904-368E-4245-A0D9-660C23500891}"
EndProject
Global
	GlobalSection(SolutionConfigurationPlatforms) = preSolution
		Debug|Win32 = Debug|Win32
		Release|Win32 = Release|Win32
		Template|Win32 = Template|Win32
	EndGlobalSection
	GlobalSection(ProjectConfigurationPlatforms) = postSolution
		{07B5325A-0147-3F6C-A655-07D2BEE86A28}.Debug|Win32.ActiveCfg = Debug|Win32
		{07B5325A-0147-3F6C-A655-07D2BEE86A28}.Debug|Win32.Build.0 = Debug|Win32
		{07B5325A-0147-3F6C-A655-07D2BEE86A28}.Release|Win32.ActiveCfg = Release|Win32
		{07B5325A-0147-3F6C-A655-07D2BEE86A28}.Release|Win32.Build.0 = Release|Win32
		{07B5325A-0147-3F6C-A655-07D2BEE86A28}.Template|Win32.ActiveCfg = Debug|Win32
		{07B5325A-0147-3F6C-A655-07D2BEE86A28}.Template|Win32.Build.0 = Debug|Win32
		{37250979-C8F8-304F-9D45-576CCA9CD930}.Debug|Win32.ActiveCfg = Debug|Win32
		{37250979-C8F8-304F-9D45-576CCA9CD930}.Debug|Win32.Build.0 = Debug|Win32
		{37250979-C8F8-304F-9D45-576CCA9CD930}.Release|Win32.ActiveCfg = Release|Win32
		{37250979-C8F8-304F-9D45-576CCA9CD930}.Release|Win32.Build.0 = Release|Win32
		{37250979-C8F8-304F-9D45-576CCA9CD930}.Template|Win32.ActiveCfg = Debug|Win32
		{37250979-C8F8-304F-9D45-576CCA9CD930}.Template|Win32.Build.0 = Debug|Win32
		{E47D1DF0-152F-3204-850D-DFEA12ED0C71}.Debug|Win32.ActiveCfg = Debug|Win32
		{E47D1DF0-152F-3204-850D-DFEA12ED0C71}.Debug|Win32.Build.0 = Debug|Win32
		{E47D1DF0-152F-3204-850D-DFEA12ED0C71}.Release|Win32.ActiveCfg = Release|Win32
		{E47D1DF0-152F-3204-850D-DFEA12ED0C71}.Release|Win32.Build.0 = Release|Win32
		{E47D1DF0-152F-3204-850D-DFEA12ED0C71}.Template|Win32.ActiveCfg = Debug|Win32
		{E47D1DF0-152F-3204-850D-DFEA12ED0C71}.Template|Win32.Build.0 = Debug|Win32
		{A0011F5C-E001-3EBA-A5B3-EA250D1598D9}.Debug|Win32.ActiveCfg = Debug|Win32
		{A0011F5C-E001-3EBA-A5B3-EA250D1598D9}.Debug|Win32.Build.0 = Debug|Win32
		{A0011F5C-E001-3EBA-A5B3-EA250D1598D9}.Release|Win32.ActiveCfg = Release|Win32
		{A0011F5C-E001-3EBA-A5B3-EA250D1598D9}.Release|Win32.Build.0 = Release|Win32
		{A0011F5C-E001-3EBA-A5B3-EA250D1598D9}.Template|Win32.ActiveCfg = Debug|Win32
		{A0011F5C-E001-3EBA-A5B3-EA250D1598D9}.Template|Win32.Build.0 = Debug|Win32
		{A8549408-4918-3E0D-9414-301542468317}.Debug|Win32.ActiveCfg = Debug|Win32
		{A8549408-4918-3E0D-9414-301542468317}.Debug|Win32.Build.0 = Debug|Win32
		{A8549408-4918-3E0D-9414-301542468317}.Release|Win32.ActiveCfg = Release|Win32
		{A8549408-4918-3E0D-9414-301542468317}.Release|Win32.Build.0 = Release|Win32
		{A8549408-4918-3E0D-9414-301542468317}.Template|Win32.ActiveCfg = Debug|Win32
		{A8549408-4918-3E0D-9414-301542468317}.Template|Win32.Build.0 = Debug|Win32
		{40DD5845-54E5-3A24-86C5-D4CB14A72C98}.Debug|Win32.ActiveCfg = Debug|Win32
		{40DD5845-54E5-3A24-86C5-D4CB14A72C98}.Debug|Win32.Build.0 = Debug|Win32
		{40DD5845-54E5-3A24-86C5-D4CB14A72C98}.Release|Win32.ActiveCfg = Release|Win32
		{40DD5845-54E5-3A24-86C5-D4CB14A72C98}.Release|Win32.Build.0 = Release|Win32
		{40DD5845-54E5-3A24-86C5-D4CB14A72C98}.Template|Win32.ActiveCfg = Debug|Win32
		{40DD5845-54E5-3A24-86C5-D4CB14A72C98}.Template|Win32.Build.0 = Debug|Win32
		{B7507429-39AA-370A-88C1-A943E8EC3A92}.Debug|Win32.ActiveCfg = Debug|Win32
		{B7507429-39AA-370A-88C1-A943E8EC3A92}.Debug|Win32.Build.0 = Debug|Win32
		{B7507429-39AA-370A-88C1-A943E8EC3A92}.Release|Win32.ActiveCfg = Release|Win32
		{B7507429-39AA-370A-88C1-A943E8EC3A92}.Release|Win32.Build.0 = Release|Win32
		{B7507429-39AA-370A-88C1-A943E8EC3A92}.Template|Win32.ActiveCfg = Debug|Win32
		{B7507429-39AA-370A-88C1-A943E8EC3A92}.Template|Win32.Build.0 = Debug|Win32
		{0BAF2644-CE1F-38C3-8202-5EC4D099D641}.Debug|Win32.ActiveCfg = Debug|Win32
		{0BAF2644-CE1F-38C3-8202-5EC4D099D641}.Debug|Win32.Build.0 = Debug|Win32
		{0BAF2644-CE1F-38C3-8202-5EC4D099D641}.Release|Win32.ActiveCfg = Release|Win32
		{0BAF2644-CE1F-38C3-8202-5EC4D099D641}.Release|Win32.Build.0 = Release|Win32
		{0BAF2644-CE1F-38C3-8202-5EC4D099D641}.Template|Win32.ActiveCfg = Debug|Win32
		{0BAF2644-CE1F-38C3-8202-5EC4D099D641}.Template|Win32.Build.0 = Debug|Win32
		{04762322-9DE1-3E96-8F22-CF50FE0EA334}.Debug|Win32.ActiveCfg = Debug|Win32
		{04762322-9DE1-3E96-8F22-CF50FE0EA334}.Debug|Win32.Build.0 = Debug|Win32
		{04762322-9DE1-3E96-8F22-CF50FE0EA334}.Release|Win32.ActiveCfg = Release|Win32
		{04762322-9DE1-3E96-8F22-CF50FE0EA334}.Release|Win32.Build.0 = Release|Win32
		{04762322-9DE1-3E96-8F22-CF50FE0EA334}.Template|Win32.ActiveCfg = Debug|Win32
		{04762322-9DE1-3E96-8F22-CF50FE0EA334}.Template|Win32.Build.0 = Debug|Win32
		{464400AE-3264-33DE-97D8-B875A7340485}.Debug|Win32.ActiveCfg = Debug|Win32
		{464400AE-3264-33DE-97D8-B875A7340485}.Debug|Win32.Build.0 = Debug|Win32
		{464400AE-3264-33DE-97D8-B875A7340485}.Release|Win32.ActiveCfg = Release|Win32
		{464400AE-3264-33DE-97D8-B875A7340485}.Release|Win32.Build.0 = Release|Win32
		{464400AE-3264-33DE-97D8-B875A7340485}.Template|Win32.ActiveCfg = Debug|Win32
		{464400AE-3264-33DE-97D8-B875A7340485}.Template|Win32.Build.0 = Debug|Win32
		{7F52EC7A-F826-3F3B-B732-37C03FAF5932}.Debug|Win32.ActiveCfg = Debug|Win32
		{7F52EC7A-F826-3F3B-B732-37C03FAF5932}.Debug|Win32.Build.0 = Debug|Win32
		{7F52EC7A-F826-3F3B-B732-37C03FAF5932}.Release|Win32.ActiveCfg = Release|Win32
		{7F52EC7A-F826-3F3B-B732-37C03FAF5932}.Release|Win32.Build.0 = Release|Win32
		{7F52EC7A-F826-3F3B-B732-37C03FAF5932}.Template|Win32.ActiveCfg = Debug|Win32
		{7F52EC7A-F826-3F3B-B732-37C03FAF5932}.Template|Win32.Build.0 = Debug|Win32
		{FBF0994E-3FF1-3F92-88C6-8C166E3EA081}.Debug|Win32.ActiveCfg = Debug|Win32
		{FBF0994E-3FF1-3F92-88C6-8C166E3EA081}.Debug|Win32.Build.0 = Debug|Win32
		{FBF0994E-3FF1-3F92-88C6-8C166E3EA081}.Release|Win32.ActiveCfg = Release|Win32
		{FBF0994E-3FF1-3F92-88C6-8C166E3EA081}.Release|Win32.Build.0 = Release|Win32
		{FBF0994E-3FF1-3F92-88C6-8C166E3EA081}.Template|Win32.ActiveCfg = Debug|Win32
		{FBF0994E-3FF1-3F92-88C6-8C166E3EA081}.Template|Win32.Build.0 = Debug|Win32
		{8EFAE33F-3725-3C88-9D10-482D56AF2175}.Debug|Win32.ActiveCfg = Debug|Win32
		{8EFAE33F-3725-3C88-9D10-482D56AF2175}.Debug|Win32.Build.0 = Debug|Win32
		{8EFAE33F-3725-3C88-9D10-482D56AF2175}.Release|Win32.ActiveCfg = Release|Win32
		{8EFAE33F-3725-3C88-9D10-482D56AF2175}.Release|Win32.Build.0 = Release|Win32
		{8EFAE33F-3725-3C88-9D10-482D56AF2175}.Template|Win32.ActiveCfg = Debug|Win32
		{8EFAE33F-3725-3C88-9D10-482D56AF2175}.Template|Win32.Build.0 = Debug|Win32
		{B409FA7A-4711-32B7-96DD-9B33F586AE9E}.Debug|Win32.ActiveCfg = Debug|Win32
		{B409FA7A-4711-32B7-96DD-9B33F586AE9E}.Debug|Win32.Build.0 = Debug|Win32
		{B409FA7A-4711-32B7-96DD-9B33F586AE9E}.Release|Win32.ActiveCfg = Release|Win32
		{B409FA7A-4711-32B7-96DD-9B33F586AE9E}.Release|Win32.Build.0 = Release|Win32
		{B409FA7A-4711-32B7-96DD-9B33F586AE9E}.Template|Win32.ActiveCfg = Debug|Win32
		{B409FA7A-4711-32B7-96DD-9B33F586AE9E}.Template|Win32.Build.0 = Debug|Win32
		{968F2AF4-37CA-391A-AB1D-390BF56427B7}.Debug|Win32.ActiveCfg = Debug|Win32
		{968F2AF4-37CA-391A-AB1D-390BF56427B7}.Debug|Win32.Build.0 = Debug|Win32
		{968F2AF4-37CA-391A-AB1D-390BF56427B7}.Release|Win32.ActiveCfg = Release|Win32
		{968F2AF4-37CA-391A-AB1D-390BF56427B7}.Release|Win32.Build.0 = Release|Win32
		{968F2AF4-37CA-391A-AB1D-390BF56427B7}.Template|Win32.ActiveCfg = Debug|Win32
		{968F2AF4-37CA-391A-AB1D-390BF56427B7}.Template|Win32.Build.0 = Debug|Win32
		{B8927F95-F045-304D-909C-47899DFDE0F0}.Debug|Win32.ActiveCfg = Debug|Win32
		{B8927F95-F045-304D-909C-47899DFDE0F0}.Debug|Win32.Build.0 = Debug|Win32
		{B8927F95-F045-304D-909C-47899DFDE0F0}.Release|Win32.ActiveCfg = Release|Win32
		{B8927F95-F045-304D-909C-47899DFDE0F0}.Release|Win32.Build.0 = Release|Win32
		{B8927F95-F045-304D-909C-47899DFDE0F0}.Template|Win32.ActiveCfg = Debug|Win32
		{B8927F95-F045-304D-909C-47899DFDE0F0}.Template|Win32.Build.0 = Debug|Win32
		{4767D832-F3AE-36B7-AA15-FEB8FBE447A1}.Debug|Win32.ActiveCfg = Debug|Win32
		{4767D832-F3AE-36B7-AA15-FEB8FBE447A1}.Debug|Win32.Build.0 = Debug|Win32
		{4767D832-F3AE-36B7-AA15-FEB8FBE447A1}.Release|Win32.ActiveCfg = Release|Win32
		{4767D832-F3AE-36B7-AA15-FEB8FBE447A1}.Release|Win32.Build.0 = Release|Win32
		{4767D832-F3AE-36B7-AA15-FEB8FBE447A1}.Template|Win32.ActiveCfg = Debug|Win32
		{4767D832-F3AE-36B7-AA15-FEB8FBE447A1}.Template|Win32.Build.0 = Debug|Win32
		{8389997A-1125-3854-A1FD-F8F0F93373B4}.Debug|Win32.ActiveCfg = Debug|Win32
		{8389997A-1125-3854-A1FD-F8F0F93373B4}.Debug|Win32.Build.0 = Debug|Win32
		{8389997A-1125-3854-A1FD-F8F0F93373B4}.Release|Win32.ActiveCfg = Release|Win32
		{8389997A-1125-3854-A1FD-F8F0F93373B4}.Release|Win32.Build.0 = Release|Win32
		{8389997A-1125-3854-A1FD-F8F0F93373B4}.Template|Win32.ActiveCfg = Debug|Win32
		{8389997A-1125-3854-A1FD-F8F0F93373B4}.Template|Win32.Build.0 = Debug|Win32
		{E984B17F-1EEE-3CE0-B64C-D36ED5771C48}.Debug|Win32.ActiveCfg = Debug|Win32
		{E984B17F-1EEE-3CE0-B64C-D36ED5771C48}.Debug|Win32.Build.0 = Debug|Win32
		{E984B17F-1EEE-3CE0-B64C-D36ED5771C48}.Release|Win32.ActiveCfg = Release|Win32
		{E984B17F-1EEE-3CE0-B64C-D36ED5771C48}.Release|Win32.Build.0 = Release|Win32
		{E984B17F-1EEE-3CE0-B64C-D36ED5771C48}.Template|Win32.ActiveCfg = Debug|Win32
		{E984B17F-1EEE-3CE0-B64C-D36ED5771C48}.Template|Win32.Build.0 = Debug|Win32
		{5F44FD36-436F-31DF-991B-B9E3D5D5A39F}.Debug|Win32.ActiveCfg = Debug|Win32
		{5F44FD36-436F-31DF-991B-B9E3D5D5A39F}.Debug|Win32.Build.0 = Debug|Win32
		{5F44FD36-436F-31DF-991B-B9E3D5D5A39F}.Release|Win32.ActiveCfg = Release|Win32
		{5F44FD36-436F-31DF-991B-B9E3D5D5A39F}.Release|Win32.Build.0 = Release|Win32
		{5F44FD36-436F-31DF-991B-B9E3D5D5A39F}.Template|Win32.ActiveCfg = Debug|Win32
		{5F44FD36-436F-31DF-991B-B9E3D5D5A39F}.Template|Win32.Build.0 = Debug|Win32
		{E2B27FEC-D8A5-3CAE-9809-81622FB2EDE4}.Debug|Win32.ActiveCfg = Debug|Win32
		{E2B27FEC-D8A5-3CAE-9809-81622FB2EDE4}.Debug|Win32.Build.0 = Debug|Win32
		{E2B27FEC-D8A5-3CAE-9809-81622FB2EDE4}.Release|Win32.ActiveCfg = Release|Win32
		{E2B27FEC-D8A5-3CAE-9809-81622FB2EDE4}.Release|Win32.Build.0 = Release|Win32
		{E2B27FEC-D8A5-3CAE-9809-81622FB2EDE4}.Template|Win32.ActiveCfg = Debug|Win32
		{E2B27FEC-D8A5-3CAE-9809-81622FB2EDE4}.Template|Win32.Build.0 = Debug|Win32
		{F31B9D6E-BAF8-3993-851E-160F165950FC}.Debug|Win32.ActiveCfg = Debug|Win32
		{F31B9D6E-BAF8-3993-851E-160F165950FC}.Debug|Win32.Build.0 = Debug|Win32
		{F31B9D6E-BAF8-3993-851E-160F165950FC}.Release|Win32.ActiveCfg = Release|Win32
		{F31B9D6E-BAF8-3993-851E-160F165950FC}.Release|Win32.Build.0 = Release|Win32
		{F31B9D6E-BAF8-3993-851E-160F165950FC}.Template|Win32.ActiveCfg = Debug|Win32
		{F31B9D6E-BAF8-3993-851E-160F165950FC}.Template|Win32.Build.0 = Debug|Win32
		{BF57E200-610A-3269-92EB-6802C7784160}.Debug|Win32.ActiveCfg = Debug|Win32
		{BF57E200-610A-3269-92EB-6802C7784160}.Debug|Win32.Build.0 = Debug|Win32
		{BF57E200-610A-3269-92EB-6802C7784160}.Release|Win32.ActiveCfg = Release|Win32
		{BF57E200-610A-3269-92EB-6802C7784160}.Release|Win32.Build.0 = Release|Win32
		{BF57E200-610A-3269-92EB-6802C7784160}.Template|Win32.ActiveCfg = Debug|Win32
		{BF57E200-610A-3269-92EB-6802C7784160}.Template|Win32.Build.0 = Debug|Win32
		{F1DE1AA4-8ABE-36AE-AC57-7D6DFAA421FE}.Debug|Win32.ActiveCfg = Debug|Win32
		{F1DE1AA4-8ABE-36AE-AC57-7D6DFAA421FE}.Debug|Win32.Build.0 = Debug|Win32
		{F1DE1AA4-8ABE-36AE-AC57-7D6DFAA421FE}.Release|Win32.ActiveCfg = Release|Win32
		{F1DE1AA4-8ABE-36AE-AC57-7D6DFAA421FE}.Release|Win32.Build.0 = Release|Win32
		{F1DE1AA4-8ABE-36AE-AC57-7D6DFAA421FE}.Template|Win32.ActiveCfg = Debug|Win32
		{F1DE1AA4-8ABE-36AE-AC57-7D6DFAA421FE}.Template|Win32.Build.0 = Debug|Win32
		{1AEE0298-B498-3705-9CA4-A882C4E602B7}.Debug|Win32.ActiveCfg = Debug|Win32
		{1AEE0298-B498-3705-9CA4-A882C4E602B7}.Debug|Win32.Build.0 = Debug|Win32
		{1AEE0298-B498-3705-9CA4-A882C4E602B7}.Release|Win32.ActiveCfg = Release|Win32
		{1AEE0298-B498-3705-9CA4-A882C4E602B7}.Release|Win32.Build.0 = Release|Win32
		{1AEE0298-B498-3705-9CA4-A882C4E602B7}.Template|Win32.ActiveCfg = Debug|Win32
		{1AEE0298-B498-3705-9CA4-A882C4E602B7}.Template|Win32.Build.0 = Debug|Win32
		{558C3A7B-53A0-3305-806D-6B4D9CAD96F8}.Debug|Win32.ActiveCfg = Debug|Win32
		{558C3A7B-53A0-3305-806D-6B4D9CAD96F8}.Debug|Win32.Build.0 = Debug|Win32
		{558C3A7B-53A0-3305-806D-6B4D9CAD96F8}.Release|Win32.ActiveCfg = Release|Win32
		{558C3A7B-53A0-3305-806D-6B4D9CAD96F8}.Release|Win32.Build.0 = Release|Win32
		{558C3A7B-53A0-3305-806D-6B4D9CAD96F8}.Template|Win32.ActiveCfg = Debug|Win32
		{558C3A7B-53A0-3305-806D-6B4D9CAD96F8}.Template|Win32.Build.0 = Debug|Win32
		{3EC49871-03C0-3F65-906C-BD8E99EA8154}.Debug|Win32.ActiveCfg = Debug|Win32
		{3EC49871-03C0-3F65-906C-BD8E99EA8154}.Debug|Win32.Build.0 = Debug|Win32
		{3EC49871-03C0-3F65-906C-BD8E99EA8154}.Release|Win32.ActiveCfg = Release|Win32
		{3EC49871-03C0-3F65-906C-BD8E99EA8154}.Release|Win32.Build.0 = Release|Win32
		{3EC49871-03C0-3F65-906C-BD8E99EA8154}.Template|Win32.ActiveCfg = Debug|Win32
		{3EC49871-03C0-3F65-906C-BD8E99EA8154}.Template|Win32.Build.0 = Debug|Win32
		{33CC42EF-556C-3A0D-BBA2-48F9CECBC828}.Debug|Win32.ActiveCfg = Debug|Win32
		{33CC42EF-556C-3A0D-BBA2-48F9CECBC828}.Debug|Win32.Build.0 = Debug|Win32
		{33CC42EF-556C-3A0D-BBA2-48F9CECBC828}.Release|Win32.ActiveCfg = Release|Win32
		{33CC42EF-556C-3A0D-BBA2-48F9CECBC828}.Release|Win32.Build.0 = Release|Win32
		{33CC42EF-556C-3A0D-BBA2-48F9CECBC828}.Template|Win32.ActiveCfg = Debug|Win32
		{33CC42EF-556C-3A0D-BBA2-48F9CECBC828}.Template|Win32.Build.0 = Debug|Win32
		{541D3892-1BED-35D0-AC38-9D7108E46FF6}.Debug|Win32.ActiveCfg = Debug|Win32
		{541D3892-1BED-35D0-AC38-9D7108E46FF6}.Debug|Win32.Build.0 = Debug|Win32
		{541D3892-1BED-35D0-AC38-9D7108E46FF6}.Release|Win32.ActiveCfg = Release|Win32
		{541D3892-1BED-35D0-AC38-9D7108E46FF6}.Release|Win32.Build.0 = Release|Win32
		{541D3892-1BED-35D0-AC38-9D7108E46FF6}.Template|Win32.ActiveCfg = Debug|Win32
		{541D3892-1BED-35D0-AC38-9D7108E46FF6}.Template|Win32.Build.0 = Debug|Win32
		{34E70128-F2E3-3387-867D-363671573315}.Debug|Win32.ActiveCfg = Debug|Win32
		{34E70128-F2E3-3387-867D-363671573315}.Debug|Win32.Build.0 = Debug|Win32
		{34E70128-F2E3-3387-867D-363671573315}.Release|Win32.ActiveCfg = Release|Win32
		{34E70128-F2E3-3387-867D-363671573315}.Release|Win32.Build.0 = Release|Win32
		{34E70128-F2E3-3387-867D-363671573315}.Template|Win32.ActiveCfg = Debug|Win32
		{34E70128-F2E3-3387-867D-363671573315}.Template|Win32.Build.0 = Debug|Win32
		{176AB931-648A-366D-9377-6F300C270657}.Debug|Win32.ActiveCfg = Debug|Win32
		{176AB931-648A-366D-9377-6F300C270657}.Debug|Win32.Build.0 = Debug|Win32
		{176AB931-648A-366D-9377-6F300C270657}.Release|Win32.ActiveCfg = Release|Win32
		{176AB931-648A-366D-9377-6F300C270657}.Release|Win32.Build.0 = Release|Win32
		{176AB931-648A-366D-9377-6F300C270657}.Template|Win32.ActiveCfg = Debug|Win32
		{176AB931-648A-366D-9377-6F300C270657}.Template|Win32.Build.0 = Debug|Win32
		{F1B8C385-1E56-3858-AB73-176A73FD73A3}.Debug|Win32.ActiveCfg = Debug|Win32
		{F1B8C385-1E56-3858-AB73-176A73FD73A3}.Debug|Win32.Build.0 = Debug|Win32
		{F1B8C385-1E56-3858-AB73-176A73FD73A3}.Release|Win32.ActiveCfg = Release|Win32
		{F1B8C385-1E56-3858-AB73-176A73FD73A3}.Release|Win32.Build.0 = Release|Win32
		{F1B8C385-1E56-3858-AB73-176A73FD73A3}.Template|Win32.ActiveCfg = Debug|Win32
		{F1B8C385-1E56-3858-AB73-176A73FD73A3}.Template|Win32.Build.0 = Debug|Win32
		{2B99F975-57D0-3D15-A16E-CC3FFD37B12F}.Debug|Win32.ActiveCfg = Debug|Win32
		{2B99F975-57D0-3D15-A16E-CC3FFD37B12F}.Debug|Win32.Build.0 = Debug|Win32
		{2B99F975-57D0-3D15-A16E-CC3FFD37B12F}.Release|Win32.ActiveCfg = Release|Win32
		{2B99F975-57D0-3D15-A16E-CC3FFD37B12F}.Release|Win32.Build.0 = Release|Win32
		{2B99F975-57D0-3D15-A16E-CC3FFD37B12F}.Template|Win32.ActiveCfg = Debug|Win32
		{2B99F975-57D0-3D15-A16E-CC3FFD37B12F}.Template|Win32.Build.0 = Debug|Win32
		{09CCD775-116E-3BC9-817A-09A2418133C3}.Debug|Win32.ActiveCfg = Debug|Win32
		{09CCD775-116E-3BC9-817A-09A2418133C3}.Debug|Win32.Build.0 = Debug|Win32
		{09CCD775-116E-3BC9-817A-09A2418133C3}.Release|Win32.ActiveCfg = Release|Win32
		{09CCD775-116E-3BC9-817A-09A2418133C3}.Release|Win32.Build.0 = Release|Win32
		{09CCD775-116E-3BC9-817A-09A2418133C3}.Template|Win32.ActiveCfg = Debug|Win32
		{09CCD775-116E-3BC9-817A-09A2418133C3}.Template|Win32.Build.0 = Debug|Win32
		{A643ADD6-1DC8-3CE9-A83A-2EC9AE9471C3}.Debug|Win32.ActiveCfg = Debug|Win32
		{A643ADD6-1DC8-3CE9-A83A-2EC9AE9471C3}.Debug|Win32.Build.0 = Debug|Win32
		{A643ADD6-1DC8-3CE9-A83A-2EC9AE9471C3}.Release|Win32.ActiveCfg = Release|Win32
		{A643ADD6-1DC8-3CE9-A83A-2EC9AE9471C3}.Release|Win32.Build.0 = Release|Win32
		{A643ADD6-1DC8-3CE9-A83A-2EC9AE9471C3}.Template|Win32.ActiveCfg = Debug|Win32
		{A643ADD6-1DC8-3CE9-A83A-2EC9AE9471C3}.Template|Win32.Build.0 = Debug|Win32
		{DD7E5F54-83FC-34EB-B213-F6A869DEDF79}.Debug|Win32.ActiveCfg = Debug|Win32
		{DD7E5F54-83FC-34EB-B213-F6A869DEDF79}.Debug|Win32.Build.0 = Debug|Win32
		{DD7E5F54-83FC-34EB-B213-F6A869DEDF79}.Release|Win32.ActiveCfg = Release|Win32
		{DD7E5F54-83FC-34EB-B213-F6A869DEDF79}.Release|Win32.Build.0 = Release|Win32
		{DD7E5F54-83FC-34EB-B213-F6A869DEDF79}.Template|Win32.ActiveCfg = Debug|Win32
		{DD7E5F54-83FC-34EB-B213-F6A869DEDF79}.Template|Win32.Build.0 = Debug|Win32
		{0A3E1903-21CC-3D39-A9E5-6907E009AA0B}.Debug|Win32.ActiveCfg = Debug|Win32
		{0A3E1903-21CC-3D39-A9E5-6907E009AA0B}.Debug|Win32.Build.0 = Debug|Win32
		{0A3E1903-21CC-3D39-A9E5-6907E009AA0B}.Release|Win32.ActiveCfg = Release|Win32
		{0A3E1903-21CC-3D39-A9E5-6907E009AA0B}.Release|Win32.Build.0 = Release|Win32
		{0A3E1903-21CC-3D39-A9E5-6907E009AA0B}.Template|Win32.ActiveCfg = Debug|Win32
		{0A3E1903-21CC-3D39-A9E5-6907E009AA0B}.Template|Win32.Build.0 = Debug|Win32
		{AAF22E14-8129-3664-AA53-B02E6991274A}.Debug|Win32.ActiveCfg = Debug|Win32
		{AAF22E14-8129-3664-AA53-B02E6991274A}.Debug|Win32.Build.0 = Debug|Win32
		{AAF22E14-8129-3664-AA53-B02E6991274A}.Release|Win32.ActiveCfg = Release|Win32
		{AAF22E14-8129-3664-AA53-B02E6991274A}.Release|Win32.Build.0 = Release|Win32
		{AAF22E14-8129-3664-AA53-B02E6991274A}.Template|Win32.ActiveCfg = Debug|Win32
		{AAF22E14-8129-3664-AA53-B02E6991274A}.Template|Win32.Build.0 = Debug|Win32
	EndGlobalSection
	GlobalSection(SolutionProperties) = preSolution
		HideSolutionNode = FALSE
	EndGlobalSection
	GlobalSection(NestedProjects) = preSolution
		{558C3A7B-53A0-3305-806D-6B4D9CAD96F8} = {01642A60-5CDB-458B-9802-EAC4B457C0FD}
		{3EC49871-03C0-3F65-906C-BD8E99EA8154} = {01642A60-5CDB-458B-9802-EAC4B457C0FD}
		{09CCD775-116E-3BC9-817A-09A2418133C3} = {01642A60-5CDB-458B-9802-EAC4B457C0FD}
		{F1DE1AA4-8ABE-36AE-AC57-7D6DFAA421FE} = {01642A60-5CDB-458B-9802-EAC4B457C0FD}
		{DD7E5F54-83FC-34EB-B213-F6A869DEDF79} = {01642A60-5CDB-458B-9802-EAC4B457C0FD}
		{176AB931-648A-366D-9377-6F300C270657} = {01642A60-5CDB-458B-9802-EAC4B457C0FD}
		{1AEE0298-B498-3705-9CA4-A882C4E602B7} = {01642A60-5CDB-458B-9802-EAC4B457C0FD}
		{0A3E1903-21CC-3D39-A9E5-6907E009AA0B} = {01642A60-5CDB-458B-9802-EAC4B457C0FD}
		{541D3892-1BED-35D0-AC38-9D7108E46FF6} = {01642A60-5CDB-458B-9802-EAC4B457C0FD}
		{A643ADD6-1DC8-3CE9-A83A-2EC9AE9471C3} = {01642A60-5CDB-458B-9802-EAC4B457C0FD}
		{2B99F975-57D0-3D15-A16E-CC3FFD37B12F} = {01642A60-5CDB-458B-9802-EAC4B457C0FD}
		{AAF22E14-8129-3664-AA53-B02E6991274A} = {01642A60-5CDB-458B-9802-EAC4B457C0FD}
		{34E70128-F2E3-3387-867D-363671573315} = {2F60B904-368E-4245-A0D9-660C23500891}
		{33CC42EF-556C-3A0D-BBA2-48F9CECBC828} = {2F60B904-368E-4245-A0D9-660C23500891}
		{BF57E200-610A-3269-92EB-6802C7784160} = {2F60B904-368E-4245-A0D9-660C23500891}
	EndGlobalSection
EndGlobal
