
Microsoft Visual Studio Solution File, Format Version 11.00
# Visual Studio 2010
Project("{8BC9CEB8-8B4A-11D0-8D11-00A0C91BC942}") = "playlib", "..\src\playlib\playlib.vcxproj", "{1E413D03-57D2-4271-B90A-3694CB439274}"
EndProject
Project("{8BC9CEB8-8B4A-11D0-8D11-00A0C91BC942}") = "UIEngine", "..\ext\soui\soui\UIEngine.vcxproj", "{856B81EC-F19F-4A88-B41B-2343FB519324}"
EndProject
Project("{8BC9CEB8-8B4A-11D0-8D11-00A0C91BC942}") = "ImageViewer", "..\src\ImageViewer\ImageViewer.vcxproj", "{EB2AB7F8-CCA0-47E8-A5A5-69A323D3B04A}"
EndProject
Project("{8BC9CEB8-8B4A-11D0-8D11-00A0C91BC942}") = "Pinyin", "..\src\Pinyin\Pinyin.vcxproj", "{3696D68A-631E-40D4-9BDE-7BA0A60A0A51}"
EndProject
Project("{8BC9CEB8-8B4A-11D0-8D11-00A0C91BC942}") = "Logger", "..\src\Logger\Logger.vcxproj", "{05ECCF56-53AC-4692-BC8B-AA816FA4A54D}"
EndProject
Project("{8BC9CEB8-8B4A-11D0-8D11-00A0C91BC942}") = "oIM", "..\src\oIM\oIM.vcxproj", "{BBEB3CB5-0B3C-4483-BC08-E4974A1313D2}"
EndProject
Project("{8BC9CEB8-8B4A-11D0-8D11-00A0C91BC942}") = "SQLite3", "..\ext\sqlite3\SQLite3.vcxproj", "{DF4A9501-2110-49DB-B008-AE94333CAAB8}"
EndProject
Global
	GlobalSection(SolutionConfigurationPlatforms) = preSolution
		Debug|Win32 = Debug|Win32
		Debug|x64 = Debug|x64
		Release|Win32 = Release|Win32
		Release|x64 = Release|x64
	EndGlobalSection
	GlobalSection(ProjectConfigurationPlatforms) = postSolution
		{1E413D03-57D2-4271-B90A-3694CB439274}.Debug|Win32.ActiveCfg = Debug|Win32
		{1E413D03-57D2-4271-B90A-3694CB439274}.Debug|Win32.Build.0 = Debug|Win32
		{1E413D03-57D2-4271-B90A-3694CB439274}.Debug|x64.ActiveCfg = Debug|Win32
		{1E413D03-57D2-4271-B90A-3694CB439274}.Release|Win32.ActiveCfg = Release|Win32
		{1E413D03-57D2-4271-B90A-3694CB439274}.Release|Win32.Build.0 = Release|Win32
		{1E413D03-57D2-4271-B90A-3694CB439274}.Release|x64.ActiveCfg = Release|Win32
		{856B81EC-F19F-4A88-B41B-2343FB519324}.Debug|Win32.ActiveCfg = Debug|Win32
		{856B81EC-F19F-4A88-B41B-2343FB519324}.Debug|Win32.Build.0 = Debug|Win32
		{856B81EC-F19F-4A88-B41B-2343FB519324}.Debug|x64.ActiveCfg = Debug|Win32
		{856B81EC-F19F-4A88-B41B-2343FB519324}.Release|Win32.ActiveCfg = Release|Win32
		{856B81EC-F19F-4A88-B41B-2343FB519324}.Release|Win32.Build.0 = Release|Win32
		{856B81EC-F19F-4A88-B41B-2343FB519324}.Release|x64.ActiveCfg = Release|Win32
		{EB2AB7F8-CCA0-47E8-A5A5-69A323D3B04A}.Debug|Win32.ActiveCfg = Debug|Win32
		{EB2AB7F8-CCA0-47E8-A5A5-69A323D3B04A}.Debug|Win32.Build.0 = Debug|Win32
		{EB2AB7F8-CCA0-47E8-A5A5-69A323D3B04A}.Debug|x64.ActiveCfg = Debug|x64
		{EB2AB7F8-CCA0-47E8-A5A5-69A323D3B04A}.Debug|x64.Build.0 = Debug|x64
		{EB2AB7F8-CCA0-47E8-A5A5-69A323D3B04A}.Release|Win32.ActiveCfg = Release|Win32
		{EB2AB7F8-CCA0-47E8-A5A5-69A323D3B04A}.Release|Win32.Build.0 = Release|Win32
		{EB2AB7F8-CCA0-47E8-A5A5-69A323D3B04A}.Release|x64.ActiveCfg = Release|x64
		{EB2AB7F8-CCA0-47E8-A5A5-69A323D3B04A}.Release|x64.Build.0 = Release|x64
		{3696D68A-631E-40D4-9BDE-7BA0A60A0A51}.Debug|Win32.ActiveCfg = Debug|Win32
		{3696D68A-631E-40D4-9BDE-7BA0A60A0A51}.Debug|Win32.Build.0 = Debug|Win32
		{3696D68A-631E-40D4-9BDE-7BA0A60A0A51}.Debug|x64.ActiveCfg = Debug|Win32
		{3696D68A-631E-40D4-9BDE-7BA0A60A0A51}.Release|Win32.ActiveCfg = Release|Win32
		{3696D68A-631E-40D4-9BDE-7BA0A60A0A51}.Release|Win32.Build.0 = Release|Win32
		{3696D68A-631E-40D4-9BDE-7BA0A60A0A51}.Release|x64.ActiveCfg = Release|Win32
		{05ECCF56-53AC-4692-BC8B-AA816FA4A54D}.Debug|Win32.ActiveCfg = Debug|Win32
		{05ECCF56-53AC-4692-BC8B-AA816FA4A54D}.Debug|Win32.Build.0 = Debug|Win32
		{05ECCF56-53AC-4692-BC8B-AA816FA4A54D}.Debug|x64.ActiveCfg = Debug|Win32
		{05ECCF56-53AC-4692-BC8B-AA816FA4A54D}.Release|Win32.ActiveCfg = Release|Win32
		{05ECCF56-53AC-4692-BC8B-AA816FA4A54D}.Release|Win32.Build.0 = Release|Win32
		{05ECCF56-53AC-4692-BC8B-AA816FA4A54D}.Release|x64.ActiveCfg = Release|Win32
		{BBEB3CB5-0B3C-4483-BC08-E4974A1313D2}.Debug|Win32.ActiveCfg = Debug|Win32
		{BBEB3CB5-0B3C-4483-BC08-E4974A1313D2}.Debug|Win32.Build.0 = Debug|Win32
		{BBEB3CB5-0B3C-4483-BC08-E4974A1313D2}.Debug|x64.ActiveCfg = Debug|x64
		{BBEB3CB5-0B3C-4483-BC08-E4974A1313D2}.Debug|x64.Build.0 = Debug|x64
		{BBEB3CB5-0B3C-4483-BC08-E4974A1313D2}.Release|Win32.ActiveCfg = Release|Win32
		{BBEB3CB5-0B3C-4483-BC08-E4974A1313D2}.Release|Win32.Build.0 = Release|Win32
		{BBEB3CB5-0B3C-4483-BC08-E4974A1313D2}.Release|x64.ActiveCfg = Release|x64
		{BBEB3CB5-0B3C-4483-BC08-E4974A1313D2}.Release|x64.Build.0 = Release|x64
		{DF4A9501-2110-49DB-B008-AE94333CAAB8}.Debug|Win32.ActiveCfg = Debug|Win32
		{DF4A9501-2110-49DB-B008-AE94333CAAB8}.Debug|Win32.Build.0 = Debug|Win32
		{DF4A9501-2110-49DB-B008-AE94333CAAB8}.Debug|x64.ActiveCfg = Debug|Win32
		{DF4A9501-2110-49DB-B008-AE94333CAAB8}.Release|Win32.ActiveCfg = Release|Win32
		{DF4A9501-2110-49DB-B008-AE94333CAAB8}.Release|Win32.Build.0 = Release|Win32
		{DF4A9501-2110-49DB-B008-AE94333CAAB8}.Release|x64.ActiveCfg = Release|Win32
	EndGlobalSection
	GlobalSection(SolutionProperties) = preSolution
		HideSolutionNode = FALSE
	EndGlobalSection
EndGlobal
